
Microsoft Visual Studio Solution File, Format Version 12.00
# Visual Studio Version 17
VisualStudioVersion = 17.14.36310.24 d17.14
MinimumVisualStudioVersion = 10.0.40219.1
Project("{FAE04EC0-301F-11D3-BF4B-00C04F79EFBC}") = "inventory-management-system", "inventory-management-system\inventory-management-system.csproj", "{35A4F04D-A07A-47BC-832F-11D8F7178FD4}"
EndProject
Global
	GlobalSection(SolutionConfigurationPlatforms) = preSolution
		Debug|Any CPU = Debug|Any CPU
		Release|Any CPU = Release|Any CPU
	EndGlobalSection
	GlobalSection(ProjectConfigurationPlatforms) = postSolution
		{35A4F04D-A07A-47BC-832F-11D8F7178FD4}.Debug|Any CPU.ActiveCfg = Debug|Any CPU
		{35A4F04D-A07A-47BC-832F-11D8F7178FD4}.Debug|Any CPU.Build.0 = Debug|Any CPU
		{35A4F04D-A07A-47BC-832F-11D8F7178FD4}.Release|Any CPU.ActiveCfg = Release|Any CPU
		{35A4F04D-A07A-47BC-832F-11D8F7178FD4}.Release|Any CPU.Build.0 = Release|Any CPU
	EndGlobalSection
	GlobalSection(SolutionProperties) = preSolution
		HideSolutionNode = FALSE
	EndGlobalSection
	GlobalSection(ExtensibilityGlobals) = postSolution
		SolutionGuid = {B3811633-7354-4C49-A87C-605199F783D0}
	EndGlobalSection
EndGlobal
